
Microsoft Visual Studio Solution File, Format Version 12.00
# Visual Studio Version 17
VisualStudioVersion = 17.1.32421.90
MinimumVisualStudioVersion = 10.0.40219.1
Project("{2150E333-8FDC-42A3-9474-1A3956D46DE8}") = "Services", "Services", "{B550B8C9-721D-4B0B-A0E9-2CDDBE22F22D}"
EndProject
Project("{2150E333-8FDC-42A3-9474-1A3956D46DE8}") = "Catalog", "Catalog", "{A8B41FCF-6D7B-4E0A-89E7-C56FAD2D44BF}"
EndProject
Project("{9A19103F-16F7-4668-BE54-9A1E7A4F7556}") = "FreeCourse.Services.Catalog", "Services\Catalog\FreeCourse.Services.Catalog\FreeCourse.Services.Catalog.csproj", "{91EDDE90-BE5A-43F1-ADC9-AFAC0D345E8B}"
EndProject
Project("{2150E333-8FDC-42A3-9474-1A3956D46DE8}") = "Shared", "Shared", "{6BF60056-577D-4D25-9344-99149C13B651}"
EndProject
Project("{9A19103F-16F7-4668-BE54-9A1E7A4F7556}") = "FreeCourse.Shared", "Shared\FreeCource\FreeCourse.Shared.csproj", "{93B260C1-683B-4A90-BA52-25C57C73FDF4}"
EndProject
Global
	GlobalSection(SolutionConfigurationPlatforms) = preSolution
		Debug|Any CPU = Debug|Any CPU
		Release|Any CPU = Release|Any CPU
	EndGlobalSection
	GlobalSection(ProjectConfigurationPlatforms) = postSolution
		{91EDDE90-BE5A-43F1-ADC9-AFAC0D345E8B}.Debug|Any CPU.ActiveCfg = Debug|Any CPU
		{91EDDE90-BE5A-43F1-ADC9-AFAC0D345E8B}.Debug|Any CPU.Build.0 = Debug|Any CPU
		{91EDDE90-BE5A-43F1-ADC9-AFAC0D345E8B}.Release|Any CPU.ActiveCfg = Release|Any CPU
		{91EDDE90-BE5A-43F1-ADC9-AFAC0D345E8B}.Release|Any CPU.Build.0 = Release|Any CPU
		{93B260C1-683B-4A90-BA52-25C57C73FDF4}.Debug|Any CPU.ActiveCfg = Debug|Any CPU
		{93B260C1-683B-4A90-BA52-25C57C73FDF4}.Debug|Any CPU.Build.0 = Debug|Any CPU
		{93B260C1-683B-4A90-BA52-25C57C73FDF4}.Release|Any CPU.ActiveCfg = Release|Any CPU
		{93B260C1-683B-4A90-BA52-25C57C73FDF4}.Release|Any CPU.Build.0 = Release|Any CPU
	EndGlobalSection
	GlobalSection(SolutionProperties) = preSolution
		HideSolutionNode = FALSE
	EndGlobalSection
	GlobalSection(NestedProjects) = preSolution
		{A8B41FCF-6D7B-4E0A-89E7-C56FAD2D44BF} = {B550B8C9-721D-4B0B-A0E9-2CDDBE22F22D}
		{91EDDE90-BE5A-43F1-ADC9-AFAC0D345E8B} = {A8B41FCF-6D7B-4E0A-89E7-C56FAD2D44BF}
		{93B260C1-683B-4A90-BA52-25C57C73FDF4} = {6BF60056-577D-4D25-9344-99149C13B651}
	EndGlobalSection
	GlobalSection(ExtensibilityGlobals) = postSolution
		SolutionGuid = {E97F29FD-80FF-4FFD-BF84-E1E4244733D1}
	EndGlobalSection
EndGlobal
